{
    "version": 3,
    "terraform_version": "0.7.0",
    "serial": 6,
    "lineage": "07cf1129-fbe5-47c2-af47-4b74432e3b44",
    "modules": [
        {
            "path": [
                "root"
            ],
            "outputs": {
                "ip": {
                    "sensitive": false,
                    "type": "string",
                    "value": "52.42.104.170"
                }
            },
            "resources": {
                "aws_eip.jupyter_ip": {
                    "type": "aws_eip",
                    "depends_on": [
                        "aws_instance.jupyter"
                    ],
                    "primary": {
                        "id": "eipalloc-0d9d8769",
                        "attributes": {
                            "association_id": "eipassoc-84a7b4fd",
                            "domain": "vpc",
                            "id": "eipalloc-0d9d8769",
                            "instance": "i-02c2b77982d3ca877",
                            "network_interface": "eni-bcdf71f3",
                            "private_ip": "172.31.44.83",
                            "public_ip": "52.42.104.170"
                        }
                    }
                },
                "aws_instance.jupyter": {
                    "type": "aws_instance",
                    "depends_on": [
                        "aws_key_pair.jupyter_key",
                        "aws_security_group.https_ssh",
                        "data.aws_ami.ubuntu_ami"
                    ],
                    "primary": {
                        "id": "i-02c2b77982d3ca877",
                        "attributes": {
                            "ami": "ami-d732f0b7",
                            "availability_zone": "us-west-2b",
                            "disable_api_termination": "false",
                            "ebs_block_device.#": "0",
                            "ebs_optimized": "false",
                            "ephemeral_block_device.#": "0",
                            "iam_instance_profile": "",
                            "id": "i-02c2b77982d3ca877",
                            "instance_state": "running",
                            "instance_type": "t2.micro",
                            "key_name": "jupyter-key",
                            "monitoring": "false",
                            "network_interface_id": "eni-bcdf71f3",
                            "private_dns": "ip-172-31-44-83.us-west-2.compute.internal",
                            "private_ip": "172.31.44.83",
                            "public_dns": "ec2-52-42-104-170.us-west-2.compute.amazonaws.com",
                            "public_ip": "52.42.104.170",
                            "root_block_device.#": "1",
                            "root_block_device.0.delete_on_termination": "true",
                            "root_block_device.0.iops": "100",
                            "root_block_device.0.volume_size": "8",
                            "root_block_device.0.volume_type": "gp2",
                            "security_groups.#": "1",
                            "security_groups.1002658835": "allow_https_ssh",
                            "source_dest_check": "true",
                            "subnet_id": "subnet-4dedd73a",
                            "tags.%": "1",
                            "tags.Name": "jupyter notebook server",
                            "tenancy": "default",
                            "vpc_security_group_ids.#": "0"
                        },
                        "meta": {
                            "schema_version": "1"
                        }
                    }
                },
                "aws_key_pair.jupyter_key": {
                    "type": "aws_key_pair",
                    "primary": {
                        "id": "jupyter-key",
                        "attributes": {
                            "id": "jupyter-key",
                            "key_name": "jupyter-key",
                            "public_key": "ssh-rsa AAAAB3NzaC1yc2EAAAADAQABAAABAQDLB9HgZQMtekV3CpKGeb0EsNGsmqi31ge5G3c5c+oy7gt/vJHOLqqZ72EZV5AEI7lH5W73sYDE1Ccxt1g67FYOF43qGjy/BWsTTCA9ip7bQ9Q6ZULHFM57rToeg5Kd0Ig6dyweTU+iNrQu63Vv4vzR/PV7/pQf9AxTNVz1TQevGRL8mUTIWANsZNHSFU1uz3FOtoIfcbzG5y8hoTp88B8RmnhD+6vKNUWcrAPIaHr+092swnn2WHphMH80qB9f5lU6HlqvIyyHNtRhVcKBLXIGioJlEgUyed6iLFFOdks6yR8cJ/XvLSlanl3rfEL+84OI8S4+GQOtcWqYDSO5Peyl generated-keypair-for-jupyter-hub"
                        },
                        "meta": {
                            "schema_version": "1"
                        }
                    }
                },
                "aws_security_group.https_ssh": {
                    "type": "aws_security_group",
                    "primary": {
                        "id": "sg-e54b6e83",
                        "attributes": {
                            "description": "Allow ssh and http",
                            "egress.#": "1",
                            "egress.482069346.cidr_blocks.#": "1",
                            "egress.482069346.cidr_blocks.0": "0.0.0.0/0",
                            "egress.482069346.from_port": "0",
                            "egress.482069346.prefix_list_ids.#": "0",
                            "egress.482069346.protocol": "-1",
                            "egress.482069346.security_groups.#": "0",
                            "egress.482069346.self": "false",
                            "egress.482069346.to_port": "0",
                            "id": "sg-e54b6e83",
                            "ingress.#": "2",
                            "ingress.2541437006.cidr_blocks.#": "1",
                            "ingress.2541437006.cidr_blocks.0": "0.0.0.0/0",
                            "ingress.2541437006.from_port": "22",
                            "ingress.2541437006.protocol": "tcp",
                            "ingress.2541437006.security_groups.#": "0",
                            "ingress.2541437006.self": "false",
                            "ingress.2541437006.to_port": "22",
                            "ingress.2617001939.cidr_blocks.#": "1",
                            "ingress.2617001939.cidr_blocks.0": "0.0.0.0/0",
                            "ingress.2617001939.from_port": "443",
                            "ingress.2617001939.protocol": "tcp",
                            "ingress.2617001939.security_groups.#": "0",
                            "ingress.2617001939.self": "false",
                            "ingress.2617001939.to_port": "443",
                            "name": "allow_https_ssh",
                            "owner_id": "580865262716",
                            "tags.%": "0",
                            "vpc_id": "vpc-f34f5296"
                        }
                    }
                },
                "data.aws_ami.ubuntu_ami": {
                    "type": "aws_ami",
                    "primary": {
                        "id": "ami-d732f0b7",
                        "attributes": {
                            "architecture": "x86_64",
                            "block_device_mappings.#": "3",
                            "block_device_mappings.1634610537.device_name": "/dev/sdb",
                            "block_device_mappings.1634610537.ebs.%": "0",
                            "block_device_mappings.1634610537.no_device": "",
                            "block_device_mappings.1634610537.virtual_name": "ephemeral0",
                            "block_device_mappings.2547816212.device_name": "/dev/sda1",
                            "block_device_mappings.2547816212.ebs.%": "6",
                            "block_device_mappings.2547816212.ebs.delete_on_termination": "true",
                            "block_device_mappings.2547816212.ebs.encrypted": "false",
                            "block_device_mappings.2547816212.ebs.iops": "0",
                            "block_device_mappings.2547816212.ebs.snapshot_id": "snap-47713105",
                            "block_device_mappings.2547816212.ebs.volume_size": "8",
                            "block_device_mappings.2547816212.ebs.volume_type": "gp2",
                            "block_device_mappings.2547816212.no_device": "",
                            "block_device_mappings.2547816212.virtual_name": "",
                            "block_device_mappings.3850042718.device_name": "/dev/sdc",
                            "block_device_mappings.3850042718.ebs.%": "0",
                            "block_device_mappings.3850042718.no_device": "",
                            "block_device_mappings.3850042718.virtual_name": "ephemeral1",
                            "creation_date": "2016-07-15T10:37:25.000Z",
                            "filter.#": "2",
                            "filter.2108659745.name": "name",
                            "filter.2108659745.values.#": "1",
                            "filter.2108659745.values.0": "*-trusty-14.04-amd64-*",
                            "filter.490168357.name": "virtualization-type",
                            "filter.490168357.values.#": "1",
                            "filter.490168357.values.0": "hvm",
                            "hypervisor": "xen",
                            "id": "ami-d732f0b7",
                            "image_id": "ami-d732f0b7",
                            "image_location": "099720109477/ubuntu/images/hvm-ssd/ubuntu-trusty-14.04-amd64-server-20160714",
                            "image_type": "machine",
                            "most_recent": "true",
                            "name": "ubuntu/images/hvm-ssd/ubuntu-trusty-14.04-amd64-server-20160714",
                            "owner_id": "099720109477",
                            "owners.#": "1",
                            "owners.0": "099720109477",
                            "product_codes.#": "0",
                            "public": "true",
                            "root_device_name": "/dev/sda1",
                            "root_device_type": "ebs",
                            "sriov_net_support": "simple",
                            "state": "available",
                            "state_reason.%": "2",
                            "state_reason.code": "UNSET",
                            "state_reason.message": "UNSET",
                            "tags.#": "0",
                            "virtualization_type": "hvm"
                        }
                    }
                }
            }
        }
    ]
}
